
Microsoft Visual Studio Solution File, Format Version 11.00
# Visual Studio 2010
Project("{FAE04EC0-301F-11D3-BF4B-00C04F79EFBC}") = "Assembly-CSharp", "Assembly-CSharp.csproj", "{F77FDA68-973F-75DF-C00F-29ABC2E37382}"
EndProject
Project("{FAE04EC0-301F-11D3-BF4B-00C04F79EFBC}") = "NavMeshComponentsExamples", "NavMeshComponentsExamples.csproj", "{FC2B195C-E22D-56F5-B764-A93ABEFCD128}"
EndProject
Project("{FAE04EC0-301F-11D3-BF4B-00C04F79EFBC}") = "NavMeshComponents", "NavMeshComponents.csproj", "{686355CD-3B8F-3B87-DFC0-A556B33AC7C1}"
EndProject
Project("{FAE04EC0-301F-11D3-BF4B-00C04F79EFBC}") = "NavMeshComponentsTestsPlaymode", "NavMeshComponentsTestsPlaymode.csproj", "{3CD173CE-23F0-E2E3-60C2-4216C108E186}"
EndProject
Project("{FAE04EC0-301F-11D3-BF4B-00C04F79EFBC}") = "NavMeshComponentsEditor", "NavMeshComponentsEditor.csproj", "{79E8A709-2293-4475-D52B-47509B62ADD2}"
EndProject
Project("{FAE04EC0-301F-11D3-BF4B-00C04F79EFBC}") = "NavMeshComponentsTestsEditmode", "NavMeshComponentsTestsEditmode.csproj", "{8A9400C4-15D4-6C84-E4F3-BBE25C5E707D}"
EndProject
Project("{FAE04EC0-301F-11D3-BF4B-00C04F79EFBC}") = "NavMeshComponentsExamplesEditor", "NavMeshComponentsExamplesEditor.csproj", "{F3CF391F-9FDD-0BF7-9E7A-30BBC0F5E6BA}"
EndProject
Global
	GlobalSection(SolutionConfigurationPlatforms) = preSolution
		Debug|Any CPU = Debug|Any CPU
		Release|Any CPU = Release|Any CPU
	EndGlobalSection
	GlobalSection(ProjectConfigurationPlatforms) = postSolution
		{F77FDA68-973F-75DF-C00F-29ABC2E37382}.Debug|Any CPU.ActiveCfg = Debug|Any CPU
		{F77FDA68-973F-75DF-C00F-29ABC2E37382}.Debug|Any CPU.Build.0 = Debug|Any CPU
		{F77FDA68-973F-75DF-C00F-29ABC2E37382}.Release|Any CPU.ActiveCfg = Release|Any CPU
		{F77FDA68-973F-75DF-C00F-29ABC2E37382}.Release|Any CPU.Build.0 = Release|Any CPU
		{FC2B195C-E22D-56F5-B764-A93ABEFCD128}.Debug|Any CPU.ActiveCfg = Debug|Any CPU
		{FC2B195C-E22D-56F5-B764-A93ABEFCD128}.Debug|Any CPU.Build.0 = Debug|Any CPU
		{FC2B195C-E22D-56F5-B764-A93ABEFCD128}.Release|Any CPU.ActiveCfg = Release|Any CPU
		{FC2B195C-E22D-56F5-B764-A93ABEFCD128}.Release|Any CPU.Build.0 = Release|Any CPU
		{686355CD-3B8F-3B87-DFC0-A556B33AC7C1}.Debug|Any CPU.ActiveCfg = Debug|Any CPU
		{686355CD-3B8F-3B87-DFC0-A556B33AC7C1}.Debug|Any CPU.Build.0 = Debug|Any CPU
		{686355CD-3B8F-3B87-DFC0-A556B33AC7C1}.Release|Any CPU.ActiveCfg = Release|Any CPU
		{686355CD-3B8F-3B87-DFC0-A556B33AC7C1}.Release|Any CPU.Build.0 = Release|Any CPU
		{3CD173CE-23F0-E2E3-60C2-4216C108E186}.Debug|Any CPU.ActiveCfg = Debug|Any CPU
		{3CD173CE-23F0-E2E3-60C2-4216C108E186}.Debug|Any CPU.Build.0 = Debug|Any CPU
		{3CD173CE-23F0-E2E3-60C2-4216C108E186}.Release|Any CPU.ActiveCfg = Release|Any CPU
		{3CD173CE-23F0-E2E3-60C2-4216C108E186}.Release|Any CPU.Build.0 = Release|Any CPU
		{79E8A709-2293-4475-D52B-47509B62ADD2}.Debug|Any CPU.ActiveCfg = Debug|Any CPU
		{79E8A709-2293-4475-D52B-47509B62ADD2}.Debug|Any CPU.Build.0 = Debug|Any CPU
		{79E8A709-2293-4475-D52B-47509B62ADD2}.Release|Any CPU.ActiveCfg = Release|Any CPU
		{79E8A709-2293-4475-D52B-47509B62ADD2}.Release|Any CPU.Build.0 = Release|Any CPU
		{8A9400C4-15D4-6C84-E4F3-BBE25C5E707D}.Debug|Any CPU.ActiveCfg = Debug|Any CPU
		{8A9400C4-15D4-6C84-E4F3-BBE25C5E707D}.Debug|Any CPU.Build.0 = Debug|Any CPU
		{8A9400C4-15D4-6C84-E4F3-BBE25C5E707D}.Release|Any CPU.ActiveCfg = Release|Any CPU
		{8A9400C4-15D4-6C84-E4F3-BBE25C5E707D}.Release|Any CPU.Build.0 = Release|Any CPU
		{F3CF391F-9FDD-0BF7-9E7A-30BBC0F5E6BA}.Debug|Any CPU.ActiveCfg = Debug|Any CPU
		{F3CF391F-9FDD-0BF7-9E7A-30BBC0F5E6BA}.Debug|Any CPU.Build.0 = Debug|Any CPU
		{F3CF391F-9FDD-0BF7-9E7A-30BBC0F5E6BA}.Release|Any CPU.ActiveCfg = Release|Any CPU
		{F3CF391F-9FDD-0BF7-9E7A-30BBC0F5E6BA}.Release|Any CPU.Build.0 = Release|Any CPU
	EndGlobalSection
	GlobalSection(SolutionProperties) = preSolution
		HideSolutionNode = FALSE
	EndGlobalSection
EndGlobal
