
Microsoft Visual Studio Solution File, Format Version 11.00
# Visual Studio 2010
Project("{FAE04EC0-301F-11D3-BF4B-00C04F79EFBC}") = "Assembly-CSharp", "Assembly-CSharp.csproj", "{68da7ff7-3f97-df75-c00f-29abc2e37382}"
EndProject
Project("{FAE04EC0-301F-11D3-BF4B-00C04F79EFBC}") = "NavMeshComponentsExamples", "NavMeshComponentsExamples.csproj", "{5c192bfc-2de2-f556-b764-a93abefcd128}"
EndProject
Project("{FAE04EC0-301F-11D3-BF4B-00C04F79EFBC}") = "NavMeshComponents", "NavMeshComponents.csproj", "{cd556368-8f3b-873b-dfc0-a556b33ac7c1}"
EndProject
Project("{FAE04EC0-301F-11D3-BF4B-00C04F79EFBC}") = "NavMeshComponentsTestsPlaymode", "NavMeshComponentsTestsPlaymode.csproj", "{ce73d13c-f023-e3e2-60c2-4216c108e186}"
EndProject
Project("{FAE04EC0-301F-11D3-BF4B-00C04F79EFBC}") = "NavMeshComponentsEditor", "NavMeshComponentsEditor.csproj", "{09a7e879-9322-7544-d52b-47509b62add2}"
EndProject
Project("{FAE04EC0-301F-11D3-BF4B-00C04F79EFBC}") = "NavMeshComponentsTestsEditmode", "NavMeshComponentsTestsEditmode.csproj", "{c400948a-d415-846c-e4f3-bbe25c5e707d}"
EndProject
Project("{FAE04EC0-301F-11D3-BF4B-00C04F79EFBC}") = "NavMeshComponentsExamplesEditor", "NavMeshComponentsExamplesEditor.csproj", "{1f39cff3-dd9f-f70b-9e7a-30bbc0f5e6ba}"
EndProject
Global
	GlobalSection(SolutionConfigurationPlatforms) = preSolution
		Debug|Any CPU = Debug|Any CPU
	EndGlobalSection
	GlobalSection(ProjectConfigurationPlatforms) = postSolution
		{68da7ff7-3f97-df75-c00f-29abc2e37382}.Debug|Any CPU.ActiveCfg = Debug|Any CPU
		{68da7ff7-3f97-df75-c00f-29abc2e37382}.Debug|Any CPU.Build.0 = Debug|Any CPU
		{5c192bfc-2de2-f556-b764-a93abefcd128}.Debug|Any CPU.ActiveCfg = Debug|Any CPU
		{5c192bfc-2de2-f556-b764-a93abefcd128}.Debug|Any CPU.Build.0 = Debug|Any CPU
		{cd556368-8f3b-873b-dfc0-a556b33ac7c1}.Debug|Any CPU.ActiveCfg = Debug|Any CPU
		{cd556368-8f3b-873b-dfc0-a556b33ac7c1}.Debug|Any CPU.Build.0 = Debug|Any CPU
		{ce73d13c-f023-e3e2-60c2-4216c108e186}.Debug|Any CPU.ActiveCfg = Debug|Any CPU
		{ce73d13c-f023-e3e2-60c2-4216c108e186}.Debug|Any CPU.Build.0 = Debug|Any CPU
		{09a7e879-9322-7544-d52b-47509b62add2}.Debug|Any CPU.ActiveCfg = Debug|Any CPU
		{09a7e879-9322-7544-d52b-47509b62add2}.Debug|Any CPU.Build.0 = Debug|Any CPU
		{c400948a-d415-846c-e4f3-bbe25c5e707d}.Debug|Any CPU.ActiveCfg = Debug|Any CPU
		{c400948a-d415-846c-e4f3-bbe25c5e707d}.Debug|Any CPU.Build.0 = Debug|Any CPU
		{1f39cff3-dd9f-f70b-9e7a-30bbc0f5e6ba}.Debug|Any CPU.ActiveCfg = Debug|Any CPU
		{1f39cff3-dd9f-f70b-9e7a-30bbc0f5e6ba}.Debug|Any CPU.Build.0 = Debug|Any CPU
	EndGlobalSection
	GlobalSection(SolutionProperties) = preSolution
		HideSolutionNode = FALSE
	EndGlobalSection
EndGlobal
